{
  "name": "data-traits",
  "version": "2.0.0",
  "lockfileVersion": 3,
  "requires": true,
  "packages": {
    "": {
      "name": "data-traits",
      "version": "2.0.0",
      "dependencies": {
        "@typedly/data": "^5.0.0-beta.1",
        "tslib": "^2.3.0"
      },
      "peerDependencies": {
        "@angular/common": "^21.2.0",
        "@angular/core": "^21.2.0"
      }
    },
    "node_modules/@angular/common": {
      "version": "21.2.2",
      "resolved": "https://registry.npmjs.org/@angular/common/-/common-21.2.2.tgz",
      "integrity": "sha512-xpVYV+MgqWzdjTCFxe3uJGpFOc84YrO4H4oX9HkzI5yQ5OLkQlndtq+OAUK8e330iacg4XHArft3SNDj1LaFfg==",
      "license": "MIT",
      "peer": true,
      "dependencies": {
        "tslib": "^2.3.0"
      },
      "engines": {
        "node": "^20.19.0 || ^22.12.0 || >=24.0.0"
      },
      "peerDependencies": {
        "@angular/core": "21.2.2",
        "rxjs": "^6.5.3 || ^7.4.0"
      }
    },
    "node_modules/@angular/core": {
      "version": "21.2.2",
      "resolved": "https://registry.npmjs.org/@angular/core/-/core-21.2.2.tgz",
      "integrity": "sha512-ljiyiFjR6dgK27CNlOcMrjsDPYKFf2Rl89WLwGEGMOj0cJg/PSLQqpW/fbSkSB3SDgwG/WhXQ4Wrw525OKMupg==",
      "license": "MIT",
      "peer": true,
      "dependencies": {
        "tslib": "^2.3.0"
      },
      "engines": {
        "node": "^20.19.0 || ^22.12.0 || >=24.0.0"
      },
      "peerDependencies": {
        "@angular/compiler": "21.2.2",
        "rxjs": "^6.5.3 || ^7.4.0",
        "zone.js": "~0.15.0 || ~0.16.0"
      },
      "peerDependenciesMeta": {
        "@angular/compiler": {
          "optional": true
        },
        "zone.js": {
          "optional": true
        }
      }
    },
    "node_modules/@typedly/constructor": {
      "version": "1.0.0",
      "resolved": "https://registry.npmjs.org/@typedly/constructor/-/constructor-1.0.0.tgz",
      "integrity": "sha512-MFww4huWIfRpPjr2Gz001XKdYzfTe3tW94+EzXKwhiqnwrPApOazpjM5NG8GYP9etKUlmAqVIFEc0xclSwfRDg==",
      "funding": [
        {
          "type": "stripe",
          "url": "https://donate.stripe.com/dR614hfDZcJE3wAcMM"
        },
        {
          "type": "revolut",
          "url": "https://checkout.revolut.com/pay/048b10a3-0e10-42c8-a917-e3e9cb4c8e29"
        }
      ],
      "license": "MIT",
      "peer": true
    },
    "node_modules/@typedly/data": {
      "version": "5.0.0-beta.1",
      "resolved": "https://registry.npmjs.org/@typedly/data/-/data-5.0.0-beta.1.tgz",
      "integrity": "sha512-TBNbhW/y75BdCJp8o03rTo3WZJHt5sn3K7+SsFm4a88+Olgqb9+4eqUz6ju0shHFdpp3jPzR8zsRNrqQ1T1vrQ==",
      "funding": [
        {
          "type": "stripe",
          "url": "https://donate.stripe.com/dR614hfDZcJE3wAcMM"
        },
        {
          "type": "Donorbox",
          "url": "https://donorbox.org/become-a-sponsor-to-the-angular-package?default_interval=once&amount=1"
        },
        {
          "type": "Open Collective",
          "url": "https://opencollective.com/sterblack"
        },
        {
          "type": "Ko-fi",
          "url": "https://ko-fi.com/sterblack"
        },
        {
          "type": "4Fund",
          "url": "https://4fund.com/bruubs"
        },
        {
          "type": "paypal",
          "url": "https://paypal.me/sterblack"
        },
        {
          "type": "individual",
          "url": "https://checkout.revolut.com/pay/048b10a3-0e10-42c8-a917-e3e9cb4c8e29"
        }
      ],
      "license": "MIT",
      "peerDependencies": {
        "@typedly/constructor": "^1.0.0"
      }
    },
    "node_modules/rxjs": {
      "version": "7.8.2",
      "resolved": "https://registry.npmjs.org/rxjs/-/rxjs-7.8.2.tgz",
      "integrity": "sha512-dhKf903U/PQZY6boNNtAGdWbG85WAbjT/1xYoZIC7FAY0yWapOBQVsVrDl58W86//e1VpMNBtRV4MaXfdMySFA==",
      "license": "Apache-2.0",
      "peer": true,
      "dependencies": {
        "tslib": "^2.1.0"
      }
    },
    "node_modules/tslib": {
      "version": "2.8.1",
      "resolved": "https://registry.npmjs.org/tslib/-/tslib-2.8.1.tgz",
      "integrity": "sha512-oJFu94HQb+KVduSUQL7wnpmqnfmLsOA/nAh6b6EH0wCEoK0/mPeXU6c3wKDV83MkOuHPRHtSXKKU99IBazS/2w==",
      "license": "0BSD"
    }
  }
}
